// !$*UTF8*$!
{
	archiveVersion = 1;
	classes = {
	};
	objectVersion = 50;
	objects = {

/* Begin PBXBuildFile section */
		0B6C731426D9481F00157951 /* AppetizersApp.swift in Sources */ = {isa = PBXBuildFile; fileRef = 0B6C731326D9481F00157951 /* AppetizersApp.swift */; };
		0B6C731826D9482100157951 /* Assets.xcassets in Resources */ = {isa = PBXBuildFile; fileRef = 0B6C731726D9482100157951 /* Assets.xcassets */; };
		0B6C731B26D9482100157951 /* Preview Assets.xcassets in Resources */ = {isa = PBXBuildFile; fileRef = 0B6C731A26D9482100157951 /* Preview Assets.xcassets */; };
		0B6C732326D9487100157951 /* AppetizerTabView.swift in Sources */ = {isa = PBXBuildFile; fileRef = 0B6C732226D9487100157951 /* AppetizerTabView.swift */; };
		0B6C732526D948A700157951 /* AppetizerListView.swift in Sources */ = {isa = PBXBuildFile; fileRef = 0B6C732426D948A700157951 /* AppetizerListView.swift */; };
		0B6C732726D948B400157951 /* AccountView.swift in Sources */ = {isa = PBXBuildFile; fileRef = 0B6C732626D948B400157951 /* AccountView.swift */; };
		0B6C732926D948BE00157951 /* OrderView.swift in Sources */ = {isa = PBXBuildFile; fileRef = 0B6C732826D948BE00157951 /* OrderView.swift */; };
		0B6C732B26D963FB00157951 /* Appetizer.swift in Sources */ = {isa = PBXBuildFile; fileRef = 0B6C732A26D963FB00157951 /* Appetizer.swift */; };
		0B74389926D9897300EF0121 /* AppetizerListCell.swift in Sources */ = {isa = PBXBuildFile; fileRef = 0B74389826D9897300EF0121 /* AppetizerListCell.swift */; };
		0B74389B26D98A3800EF0121 /* NetworkManager.swift in Sources */ = {isa = PBXBuildFile; fileRef = 0B74389A26D98A3800EF0121 /* NetworkManager.swift */; };
		0B74389D26D98B1000EF0121 /* APError.swift in Sources */ = {isa = PBXBuildFile; fileRef = 0B74389C26D98B1000EF0121 /* APError.swift */; };
		0B74389F26D990F600EF0121 /* AppertizerListViewModel.swift in Sources */ = {isa = PBXBuildFile; fileRef = 0B74389E26D990F600EF0121 /* AppertizerListViewModel.swift */; };
		0B9D7C0926DBD399005150DC /* Alert.swift in Sources */ = {isa = PBXBuildFile; fileRef = 0B9D7C0826DBD399005150DC /* Alert.swift */; };
		0B9D7C0D26DBDC39005150DC /* Color+Ext.swift in Sources */ = {isa = PBXBuildFile; fileRef = 0B9D7C0C26DBDC39005150DC /* Color+Ext.swift */; };
		0B9D7C0F26DBDEB4005150DC /* LoadingView.swift in Sources */ = {isa = PBXBuildFile; fileRef = 0B9D7C0E26DBDEB4005150DC /* LoadingView.swift */; };
		0B9D7C1126DBEA60005150DC /* RemoteImage.swift in Sources */ = {isa = PBXBuildFile; fileRef = 0B9D7C1026DBEA60005150DC /* RemoteImage.swift */; };
		0B9D7C2026DBF564005150DC /* AppetizerDetailView.swift in Sources */ = {isa = PBXBuildFile; fileRef = 0B9D7C1F26DBF564005150DC /* AppetizerDetailView.swift */; };
		0B9D7C2326DC0483005150DC /* APButton.swift in Sources */ = {isa = PBXBuildFile; fileRef = 0B9D7C2226DC0483005150DC /* APButton.swift */; };
		0B9D7C2526DC04F9005150DC /* XDismissButton.swift in Sources */ = {isa = PBXBuildFile; fileRef = 0B9D7C2426DC04F9005150DC /* XDismissButton.swift */; };
/* End PBXBuildFile section */

/* Begin PBXFileReference section */
		0B6C731026D9481F00157951 /* Appetizers.app */ = {isa = PBXFileReference; explicitFileType = wrapper.application; includeInIndex = 0; path = Appetizers.app; sourceTree = BUILT_PRODUCTS_DIR; };
		0B6C731326D9481F00157951 /* AppetizersApp.swift */ = {isa = PBXFileReference; lastKnownFileType = sourcecode.swift; path = AppetizersApp.swift; sourceTree = "<group>"; };
		0B6C731726D9482100157951 /* Assets.xcassets */ = {isa = PBXFileReference; lastKnownFileType = folder.assetcatalog; path = Assets.xcassets; sourceTree = "<group>"; };
		0B6C731A26D9482100157951 /* Preview Assets.xcassets */ = {isa = PBXFileReference; lastKnownFileType = folder.assetcatalog; path = "Preview Assets.xcassets"; sourceTree = "<group>"; };
		0B6C731C26D9482100157951 /* Info.plist */ = {isa = PBXFileReference; lastKnownFileType = text.plist.xml; path = Info.plist; sourceTree = "<group>"; };
		0B6C732226D9487100157951 /* AppetizerTabView.swift */ = {isa = PBXFileReference; lastKnownFileType = sourcecode.swift; path = AppetizerTabView.swift; sourceTree = "<group>"; };
		0B6C732426D948A700157951 /* AppetizerListView.swift */ = {isa = PBXFileReference; lastKnownFileType = sourcecode.swift; path = AppetizerListView.swift; sourceTree = "<group>"; };
		0B6C732626D948B400157951 /* AccountView.swift */ = {isa = PBXFileReference; lastKnownFileType = sourcecode.swift; path = AccountView.swift; sourceTree = "<group>"; };
		0B6C732826D948BE00157951 /* OrderView.swift */ = {isa = PBXFileReference; lastKnownFileType = sourcecode.swift; path = OrderView.swift; sourceTree = "<group>"; };
		0B6C732A26D963FB00157951 /* Appetizer.swift */ = {isa = PBXFileReference; lastKnownFileType = sourcecode.swift; path = Appetizer.swift; sourceTree = "<group>"; };
		0B74389826D9897300EF0121 /* AppetizerListCell.swift */ = {isa = PBXFileReference; lastKnownFileType = sourcecode.swift; path = AppetizerListCell.swift; sourceTree = "<group>"; };
		0B74389A26D98A3800EF0121 /* NetworkManager.swift */ = {isa = PBXFileReference; lastKnownFileType = sourcecode.swift; path = NetworkManager.swift; sourceTree = "<group>"; };
		0B74389C26D98B1000EF0121 /* APError.swift */ = {isa = PBXFileReference; lastKnownFileType = sourcecode.swift; path = APError.swift; sourceTree = "<group>"; };
		0B74389E26D990F600EF0121 /* AppertizerListViewModel.swift */ = {isa = PBXFileReference; lastKnownFileType = sourcecode.swift; path = AppertizerListViewModel.swift; sourceTree = "<group>"; };
		0B9D7C0826DBD399005150DC /* Alert.swift */ = {isa = PBXFileReference; lastKnownFileType = sourcecode.swift; path = Alert.swift; sourceTree = "<group>"; };
		0B9D7C0C26DBDC39005150DC /* Color+Ext.swift */ = {isa = PBXFileReference; lastKnownFileType = sourcecode.swift; path = "Color+Ext.swift"; sourceTree = "<group>"; };
		0B9D7C0E26DBDEB4005150DC /* LoadingView.swift */ = {isa = PBXFileReference; lastKnownFileType = sourcecode.swift; path = LoadingView.swift; sourceTree = "<group>"; };
		0B9D7C1026DBEA60005150DC /* RemoteImage.swift */ = {isa = PBXFileReference; lastKnownFileType = sourcecode.swift; path = RemoteImage.swift; sourceTree = "<group>"; };
		0B9D7C1F26DBF564005150DC /* AppetizerDetailView.swift */ = {isa = PBXFileReference; lastKnownFileType = sourcecode.swift; name = AppetizerDetailView.swift; path = ../../../../../SwiftUI/Appetizers/Appetizers/Screens/AppetizerListView/AppetizerDetailView.swift; sourceTree = "<group>"; };
		0B9D7C2226DC0483005150DC /* APButton.swift */ = {isa = PBXFileReference; lastKnownFileType = sourcecode.swift; name = APButton.swift; path = ../../../../../SwiftUI/Appetizers/Appetizers/Views/Buttons/APButton.swift; sourceTree = "<group>"; };
		0B9D7C2426DC04F9005150DC /* XDismissButton.swift */ = {isa = PBXFileReference; lastKnownFileType = sourcecode.swift; name = XDismissButton.swift; path = ../../../../../SwiftUI/Appetizers/Appetizers/Views/Buttons/XDismissButton.swift; sourceTree = "<group>"; };
/* End PBXFileReference section */

/* Begin PBXFrameworksBuildPhase section */
		0B6C730D26D9481F00157951 /* Frameworks */ = {
			isa = PBXFrameworksBuildPhase;
			buildActionMask = 2147483647;
			files = (
			);
			runOnlyForDeploymentPostprocessing = 0;
		};
/* End PBXFrameworksBuildPhase section */

/* Begin PBXGroup section */
		0B6C730726D9481F00157951 = {
			isa = PBXGroup;
			children = (
				0B6C731226D9481F00157951 /* Appetizers */,
				0B6C731126D9481F00157951 /* Products */,
			);
			sourceTree = "<group>";
		};
		0B6C731126D9481F00157951 /* Products */ = {
			isa = PBXGroup;
			children = (
				0B6C731026D9481F00157951 /* Appetizers.app */,
			);
			name = Products;
			sourceTree = "<group>";
		};
		0B6C731226D9481F00157951 /* Appetizers */ = {
			isa = PBXGroup;
			children = (
				0B9D7C1A26DBF0B2005150DC /* Model */,
				0B9D7C1626DBF05B005150DC /* Utilities */,
				0B9D7C1226DBEFF1005150DC /* Screens */,
				0B9D7C1B26DBF0CF005150DC /* Views */,
				0B6C731326D9481F00157951 /* AppetizersApp.swift */,
				0B6C731726D9482100157951 /* Assets.xcassets */,
				0B6C731C26D9482100157951 /* Info.plist */,
				0B6C731926D9482100157951 /* Preview Content */,
			);
			path = Appetizers;
			sourceTree = "<group>";
		};
		0B6C731926D9482100157951 /* Preview Content */ = {
			isa = PBXGroup;
			children = (
				0B6C731A26D9482100157951 /* Preview Assets.xcassets */,
			);
			path = "Preview Content";
			sourceTree = "<group>";
		};
		0B9D7C1226DBEFF1005150DC /* Screens */ = {
			isa = PBXGroup;
			children = (
				0B6C732226D9487100157951 /* AppetizerTabView.swift */,
				0B9D7C1326DBEFFF005150DC /* AppetizerListView */,
				0B9D7C1426DBF00F005150DC /* AccountView */,
				0B9D7C1526DBF019005150DC /* OrderView */,
			);
			path = Screens;
			sourceTree = "<group>";
		};
		0B9D7C1326DBEFFF005150DC /* AppetizerListView */ = {
			isa = PBXGroup;
			children = (
				0B6C732426D948A700157951 /* AppetizerListView.swift */,
				0B74389E26D990F600EF0121 /* AppertizerListViewModel.swift */,
				0B9D7C1F26DBF564005150DC /* AppetizerDetailView.swift */,
			);
			path = AppetizerListView;
			sourceTree = "<group>";
		};
		0B9D7C1426DBF00F005150DC /* AccountView */ = {
			isa = PBXGroup;
			children = (
				0B6C732626D948B400157951 /* AccountView.swift */,
			);
			path = AccountView;
			sourceTree = "<group>";
		};
		0B9D7C1526DBF019005150DC /* OrderView */ = {
			isa = PBXGroup;
			children = (
				0B6C732826D948BE00157951 /* OrderView.swift */,
			);
			path = OrderView;
			sourceTree = "<group>";
		};
		0B9D7C1626DBF05B005150DC /* Utilities */ = {
			isa = PBXGroup;
			children = (
				0B9D7C1926DBF08D005150DC /* Alert */,
				0B9D7C1826DBF07A005150DC /* Extensions */,
				0B9D7C1726DBF06D005150DC /* Managers */,
			);
			path = Utilities;
			sourceTree = "<group>";
		};
		0B9D7C1726DBF06D005150DC /* Managers */ = {
			isa = PBXGroup;
			children = (
				0B74389A26D98A3800EF0121 /* NetworkManager.swift */,
			);
			path = Managers;
			sourceTree = "<group>";
		};
		0B9D7C1826DBF07A005150DC /* Extensions */ = {
			isa = PBXGroup;
			children = (
				0B9D7C0C26DBDC39005150DC /* Color+Ext.swift */,
			);
			path = Extensions;
			sourceTree = "<group>";
		};
		0B9D7C1926DBF08D005150DC /* Alert */ = {
			isa = PBXGroup;
			children = (
				0B74389C26D98B1000EF0121 /* APError.swift */,
				0B9D7C0826DBD399005150DC /* Alert.swift */,
			);
			path = Alert;
			sourceTree = "<group>";
		};
		0B9D7C1A26DBF0B2005150DC /* Model */ = {
			isa = PBXGroup;
			children = (
				0B6C732A26D963FB00157951 /* Appetizer.swift */,
			);
			path = Model;
			sourceTree = "<group>";
		};
		0B9D7C1B26DBF0CF005150DC /* Views */ = {
			isa = PBXGroup;
			children = (
				0B9D7C2126DC0472005150DC /* Buttons */,
				0B9D7C1E26DBF0EF005150DC /* Image */,
				0B9D7C1D26DBF0E5005150DC /* Cells */,
				0B9D7C1C26DBF0D7005150DC /* UIKit Component */,
			);
			path = Views;
			sourceTree = "<group>";
		};
		0B9D7C1C26DBF0D7005150DC /* UIKit Component */ = {
			isa = PBXGroup;
			children = (
				0B9D7C0E26DBDEB4005150DC /* LoadingView.swift */,
			);
			path = "UIKit Component";
			sourceTree = "<group>";
		};
		0B9D7C1D26DBF0E5005150DC /* Cells */ = {
			isa = PBXGroup;
			children = (
				0B74389826D9897300EF0121 /* AppetizerListCell.swift */,
			);
			path = Cells;
			sourceTree = "<group>";
		};
		0B9D7C1E26DBF0EF005150DC /* Image */ = {
			isa = PBXGroup;
			children = (
				0B9D7C1026DBEA60005150DC /* RemoteImage.swift */,
			);
			path = Image;
			sourceTree = "<group>";
		};
		0B9D7C2126DC0472005150DC /* Buttons */ = {
			isa = PBXGroup;
			children = (
				0B9D7C2226DC0483005150DC /* APButton.swift */,
				0B9D7C2426DC04F9005150DC /* XDismissButton.swift */,
			);
			path = Buttons;
			sourceTree = "<group>";
		};
/* End PBXGroup section */

/* Begin PBXNativeTarget section */
		0B6C730F26D9481F00157951 /* Appetizers */ = {
			isa = PBXNativeTarget;
			buildConfigurationList = 0B6C731F26D9482100157951 /* Build configuration list for PBXNativeTarget "Appetizers" */;
			buildPhases = (
				0B6C730C26D9481F00157951 /* Sources */,
				0B6C730D26D9481F00157951 /* Frameworks */,
				0B6C730E26D9481F00157951 /* Resources */,
			);
			buildRules = (
			);
			dependencies = (
			);
			name = Appetizers;
			productName = Appetizers;
			productReference = 0B6C731026D9481F00157951 /* Appetizers.app */;
			productType = "com.apple.product-type.application";
		};
/* End PBXNativeTarget section */

/* Begin PBXProject section */
		0B6C730826D9481F00157951 /* Project object */ = {
			isa = PBXProject;
			attributes = {
				LastSwiftUpdateCheck = 1250;
				LastUpgradeCheck = 1250;
				TargetAttributes = {
					0B6C730F26D9481F00157951 = {
						CreatedOnToolsVersion = 12.5.1;
					};
				};
			};
			buildConfigurationList = 0B6C730B26D9481F00157951 /* Build configuration list for PBXProject "Appetizers" */;
			compatibilityVersion = "Xcode 9.3";
			developmentRegion = en;
			hasScannedForEncodings = 0;
			knownRegions = (
				en,
				Base,
			);
			mainGroup = 0B6C730726D9481F00157951;
			productRefGroup = 0B6C731126D9481F00157951 /* Products */;
			projectDirPath = "";
			projectRoot = "";
			targets = (
				0B6C730F26D9481F00157951 /* Appetizers */,
			);
		};
/* End PBXProject section */

/* Begin PBXResourcesBuildPhase section */
		0B6C730E26D9481F00157951 /* Resources */ = {
			isa = PBXResourcesBuildPhase;
			buildActionMask = 2147483647;
			files = (
				0B6C731B26D9482100157951 /* Preview Assets.xcassets in Resources */,
				0B6C731826D9482100157951 /* Assets.xcassets in Resources */,
			);
			runOnlyForDeploymentPostprocessing = 0;
		};
/* End PBXResourcesBuildPhase section */

/* Begin PBXSourcesBuildPhase section */
		0B6C730C26D9481F00157951 /* Sources */ = {
			isa = PBXSourcesBuildPhase;
			buildActionMask = 2147483647;
			files = (
				0B6C732B26D963FB00157951 /* Appetizer.swift in Sources */,
				0B74389D26D98B1000EF0121 /* APError.swift in Sources */,
				0B9D7C2526DC04F9005150DC /* XDismissButton.swift in Sources */,
				0B74389926D9897300EF0121 /* AppetizerListCell.swift in Sources */,
				0B6C732726D948B400157951 /* AccountView.swift in Sources */,
				0B9D7C0D26DBDC39005150DC /* Color+Ext.swift in Sources */,
				0B9D7C0F26DBDEB4005150DC /* LoadingView.swift in Sources */,
				0B9D7C2326DC0483005150DC /* APButton.swift in Sources */,
				0B6C732326D9487100157951 /* AppetizerTabView.swift in Sources */,
				0B74389B26D98A3800EF0121 /* NetworkManager.swift in Sources */,
				0B74389F26D990F600EF0121 /* AppertizerListViewModel.swift in Sources */,
				0B9D7C1126DBEA60005150DC /* RemoteImage.swift in Sources */,
				0B9D7C2026DBF564005150DC /* AppetizerDetailView.swift in Sources */,
				0B6C731426D9481F00157951 /* AppetizersApp.swift in Sources */,
				0B9D7C0926DBD399005150DC /* Alert.swift in Sources */,
				0B6C732526D948A700157951 /* AppetizerListView.swift in Sources */,
				0B6C732926D948BE00157951 /* OrderView.swift in Sources */,
			);
			runOnlyForDeploymentPostprocessing = 0;
		};
/* End PBXSourcesBuildPhase section */

/* Begin XCBuildConfiguration section */
		0B6C731D26D9482100157951 /* Debug */ = {
			isa = XCBuildConfiguration;
			buildSettings = {
				ALWAYS_SEARCH_USER_PATHS = NO;
				CLANG_ANALYZER_NONNULL = YES;
				CLANG_ANALYZER_NUMBER_OBJECT_CONVERSION = YES_AGGRESSIVE;
				CLANG_CXX_LANGUAGE_STANDARD = "gnu++14";
				CLANG_CXX_LIBRARY = "libc++";
				CLANG_ENABLE_MODULES = YES;
				CLANG_ENABLE_OBJC_ARC = YES;
				CLANG_ENABLE_OBJC_WEAK = YES;
				CLANG_WARN_BLOCK_CAPTURE_AUTORELEASING = YES;
				CLANG_WARN_BOOL_CONVERSION = YES;
				CLANG_WARN_COMMA = YES;
				CLANG_WARN_CONSTANT_CONVERSION = YES;
				CLANG_WARN_DEPRECATED_OBJC_IMPLEMENTATIONS = YES;
				CLANG_WARN_DIRECT_OBJC_ISA_USAGE = YES_ERROR;
				CLANG_WARN_DOCUMENTATION_COMMENTS = YES;
				CLANG_WARN_EMPTY_BODY = YES;
				CLANG_WARN_ENUM_CONVERSION = YES;
				CLANG_WARN_INFINITE_RECURSION = YES;
				CLANG_WARN_INT_CONVERSION = YES;
				CLANG_WARN_NON_LITERAL_NULL_CONVERSION = YES;
				CLANG_WARN_OBJC_IMPLICIT_RETAIN_SELF = YES;
				CLANG_WARN_OBJC_LITERAL_CONVERSION = YES;
				CLANG_WARN_OBJC_ROOT_CLASS = YES_ERROR;
				CLANG_WARN_QUOTED_INCLUDE_IN_FRAMEWORK_HEADER = YES;
				CLANG_WARN_RANGE_LOOP_ANALYSIS = YES;
				CLANG_WARN_STRICT_PROTOTYPES = YES;
				CLANG_WARN_SUSPICIOUS_MOVE = YES;
				CLANG_WARN_UNGUARDED_AVAILABILITY = YES_AGGRESSIVE;
				CLANG_WARN_UNREACHABLE_CODE = YES;
				CLANG_WARN__DUPLICATE_METHOD_MATCH = YES;
				COPY_PHASE_STRIP = NO;
				DEBUG_INFORMATION_FORMAT = dwarf;
				ENABLE_STRICT_OBJC_MSGSEND = YES;
				ENABLE_TESTABILITY = YES;
				GCC_C_LANGUAGE_STANDARD = gnu11;
				GCC_DYNAMIC_NO_PIC = NO;
				GCC_NO_COMMON_BLOCKS = YES;
				GCC_OPTIMIZATION_LEVEL = 0;
				GCC_PREPROCESSOR_DEFINITIONS = (
					"DEBUG=1",
					"$(inherited)",
				);
				GCC_WARN_64_TO_32_BIT_CONVERSION = YES;
				GCC_WARN_ABOUT_RETURN_TYPE = YES_ERROR;
				GCC_WARN_UNDECLARED_SELECTOR = YES;
				GCC_WARN_UNINITIALIZED_AUTOS = YES_AGGRESSIVE;
				GCC_WARN_UNUSED_FUNCTION = YES;
				GCC_WARN_UNUSED_VARIABLE = YES;
				IPHONEOS_DEPLOYMENT_TARGET = 14.5;
				MTL_ENABLE_DEBUG_INFO = INCLUDE_SOURCE;
				MTL_FAST_MATH = YES;
				ONLY_ACTIVE_ARCH = YES;
				SDKROOT = iphoneos;
				SWIFT_ACTIVE_COMPILATION_CONDITIONS = DEBUG;
				SWIFT_OPTIMIZATION_LEVEL = "-Onone";
			};
			name = Debug;
		};
		0B6C731E26D9482100157951 /* Release */ = {
			isa = XCBuildConfiguration;
			buildSettings = {
				ALWAYS_SEARCH_USER_PATHS = NO;
				CLANG_ANALYZER_NONNULL = YES;
				CLANG_ANALYZER_NUMBER_OBJECT_CONVERSION = YES_AGGRESSIVE;
				CLANG_CXX_LANGUAGE_STANDARD = "gnu++14";
				CLANG_CXX_LIBRARY = "libc++";
				CLANG_ENABLE_MODULES = YES;
				CLANG_ENABLE_OBJC_ARC = YES;
				CLANG_ENABLE_OBJC_WEAK = YES;
				CLANG_WARN_BLOCK_CAPTURE_AUTORELEASING = YES;
				CLANG_WARN_BOOL_CONVERSION = YES;
				CLANG_WARN_COMMA = YES;
				CLANG_WARN_CONSTANT_CONVERSION = YES;
				CLANG_WARN_DEPRECATED_OBJC_IMPLEMENTATIONS = YES;
				CLANG_WARN_DIRECT_OBJC_ISA_USAGE = YES_ERROR;
				CLANG_WARN_DOCUMENTATION_COMMENTS = YES;
				CLANG_WARN_EMPTY_BODY = YES;
				CLANG_WARN_ENUM_CONVERSION = YES;
				CLANG_WARN_INFINITE_RECURSION = YES;
				CLANG_WARN_INT_CONVERSION = YES;
				CLANG_WARN_NON_LITERAL_NULL_CONVERSION = YES;
				CLANG_WARN_OBJC_IMPLICIT_RETAIN_SELF = YES;
				CLANG_WARN_OBJC_LITERAL_CONVERSION = YES;
				CLANG_WARN_OBJC_ROOT_CLASS = YES_ERROR;
				CLANG_WARN_QUOTED_INCLUDE_IN_FRAMEWORK_HEADER = YES;
				CLANG_WARN_RANGE_LOOP_ANALYSIS = YES;
				CLANG_WARN_STRICT_PROTOTYPES = YES;
				CLANG_WARN_SUSPICIOUS_MOVE = YES;
				CLANG_WARN_UNGUARDED_AVAILABILITY = YES_AGGRESSIVE;
				CLANG_WARN_UNREACHABLE_CODE = YES;
				CLANG_WARN__DUPLICATE_METHOD_MATCH = YES;
				COPY_PHASE_STRIP = NO;
				DEBUG_INFORMATION_FORMAT = "dwarf-with-dsym";
				ENABLE_NS_ASSERTIONS = NO;
				ENABLE_STRICT_OBJC_MSGSEND = YES;
				GCC_C_LANGUAGE_STANDARD = gnu11;
				GCC_NO_COMMON_BLOCKS = YES;
				GCC_WARN_64_TO_32_BIT_CONVERSION = YES;
				GCC_WARN_ABOUT_RETURN_TYPE = YES_ERROR;
				GCC_WARN_UNDECLARED_SELECTOR = YES;
				GCC_WARN_UNINITIALIZED_AUTOS = YES_AGGRESSIVE;
				GCC_WARN_UNUSED_FUNCTION = YES;
				GCC_WARN_UNUSED_VARIABLE = YES;
				IPHONEOS_DEPLOYMENT_TARGET = 14.5;
				MTL_ENABLE_DEBUG_INFO = NO;
				MTL_FAST_MATH = YES;
				SDKROOT = iphoneos;
				SWIFT_COMPILATION_MODE = wholemodule;
				SWIFT_OPTIMIZATION_LEVEL = "-O";
				VALIDATE_PRODUCT = YES;
			};
			name = Release;
		};
		0B6C732026D9482100157951 /* Debug */ = {
			isa = XCBuildConfiguration;
			buildSettings = {
				ASSETCATALOG_COMPILER_APPICON_NAME = AppIcon;
				ASSETCATALOG_COMPILER_GLOBAL_ACCENT_COLOR_NAME = AccentColor;
				CODE_SIGN_STYLE = Automatic;
				DEVELOPMENT_ASSET_PATHS = "\"Appetizers/Preview Content\"";
				DEVELOPMENT_TEAM = CABQRHB5C3;
				ENABLE_PREVIEWS = YES;
				INFOPLIST_FILE = Appetizers/Info.plist;
				IPHONEOS_DEPLOYMENT_TARGET = 14.0;
				LD_RUNPATH_SEARCH_PATHS = (
					"$(inherited)",
					"@executable_path/Frameworks",
				);
				PRODUCT_BUNDLE_IDENTIFIER = com.chiru.Appetizers;
				PRODUCT_NAME = "$(TARGET_NAME)";
				SWIFT_VERSION = 5.0;
				TARGETED_DEVICE_FAMILY = "1,2";
			};
			name = Debug;
		};
		0B6C732126D9482100157951 /* Release */ = {
			isa = XCBuildConfiguration;
			buildSettings = {
				ASSETCATALOG_COMPILER_APPICON_NAME = AppIcon;
				ASSETCATALOG_COMPILER_GLOBAL_ACCENT_COLOR_NAME = AccentColor;
				CODE_SIGN_STYLE = Automatic;
				DEVELOPMENT_ASSET_PATHS = "\"Appetizers/Preview Content\"";
				DEVELOPMENT_TEAM = CABQRHB5C3;
				ENABLE_PREVIEWS = YES;
				INFOPLIST_FILE = Appetizers/Info.plist;
				IPHONEOS_DEPLOYMENT_TARGET = 14.0;
				LD_RUNPATH_SEARCH_PATHS = (
					"$(inherited)",
					"@executable_path/Frameworks",
				);
				PRODUCT_BUNDLE_IDENTIFIER = com.chiru.Appetizers;
				PRODUCT_NAME = "$(TARGET_NAME)";
				SWIFT_VERSION = 5.0;
				TARGETED_DEVICE_FAMILY = "1,2";
			};
			name = Release;
		};
/* End XCBuildConfiguration section */

/* Begin XCConfigurationList section */
		0B6C730B26D9481F00157951 /* Build configuration list for PBXProject "Appetizers" */ = {
			isa = XCConfigurationList;
			buildConfigurations = (
				0B6C731D26D9482100157951 /* Debug */,
				0B6C731E26D9482100157951 /* Release */,
			);
			defaultConfigurationIsVisible = 0;
			defaultConfigurationName = Release;
		};
		0B6C731F26D9482100157951 /* Build configuration list for PBXNativeTarget "Appetizers" */ = {
			isa = XCConfigurationList;
			buildConfigurations = (
				0B6C732026D9482100157951 /* Debug */,
				0B6C732126D9482100157951 /* Release */,
			);
			defaultConfigurationIsVisible = 0;
			defaultConfigurationName = Release;
		};
/* End XCConfigurationList section */
	};
	rootObject = 0B6C730826D9481F00157951 /* Project object */;
}
